{
  "requires": true,
  "lockfileVersion": 1,
  "dependencies": {
    "@amap/amap-jsapi-loader": {
      "version": "0.0.1",
      "resolved": "https://registry.npmjs.org/@amap/amap-jsapi-loader/-/amap-jsapi-loader-0.0.1.tgz",
      "integrity": "sha512-aN+Qadd9sHCUswxhyJUqUf+knCGZCuQ+L3nqTlSaDHZthi9ifpeNoCwlSCuTRvOEArZkuDcSVVk+mXvtPiI4zA=="
    },
    "@babel/runtime-corejs2": {
      "version": "7.16.5",
      "resolved": "https://registry.npmjs.org/@babel/runtime-corejs2/-/runtime-corejs2-7.16.5.tgz",
      "integrity": "sha512-GHejyoK+JQqna9rUTkybaGahZOOM+EDcUsbWaLye1g4ZOQMotrMiY8VTBbX1gycZTMNG/YiWTo4WTABvyPUgOg==",
      "requires": {
        "core-js": "^2.6.5",
        "regenerator-runtime": "^0.13.4"
      }
    },
    "@rengr/heatmap.js": {
      "version": "2.0.10",
      "resolved": "https://registry.npmjs.org/@rengr/heatmap.js/-/heatmap.js-2.0.10.tgz",
      "integrity": "sha512-IT8892vQiPPiWNm7kAESTruJ7wk6/F0zVj642/1ilW6s6VYxB3lpoqQCSdTFd/6E2HHT/FUiAHU3Qnfq0M/6wQ=="
    },
    "@sakitam-gis/kriging": {
      "version": "0.1.0",
      "resolved": "https://registry.npmjs.org/@sakitam-gis/kriging/-/kriging-0.1.0.tgz",
      "integrity": "sha512-xHUZHaoN5EZm25kkRJJRMZM8PM/cMHz3gLPJQBYokuTeG6awl/xkcJviBmmbEoh4WCJHwP10IIrMlri6qqUv+g=="
    },
    "@turf/area": {
      "version": "6.5.0",
      "resolved": "https://registry.npmjs.org/@turf/area/-/area-6.5.0.tgz",
      "integrity": "sha512-xCZdiuojokLbQ+29qR6qoMD89hv+JAgWjLrwSEWL+3JV8IXKeNFl6XkEJz9HGkVpnXvQKJoRz4/liT+8ZZ5Jyg==",
      "requires": {
        "@turf/helpers": "^6.5.0",
        "@turf/meta": "^6.5.0"
      }
    },
    "@turf/bbox": {
      "version": "5.1.5",
      "resolved": "https://registry.npmjs.org/@turf/bbox/-/bbox-5.1.5.tgz",
      "integrity": "sha1-MFHfUUrUxQ9KT5uKLRX9i2hA7aM=",
      "requires": {
        "@turf/helpers": "^5.1.5",
        "@turf/meta": "^5.1.5"
      },
      "dependencies": {
        "@turf/helpers": {
          "version": "5.1.5",
          "resolved": "https://registry.npmjs.org/@turf/helpers/-/helpers-5.1.5.tgz",
          "integrity": "sha1-FTQFInq5M9AEpbuWQantmZ/L4M8="
        },
        "@turf/meta": {
          "version": "5.2.0",
          "resolved": "https://registry.npmjs.org/@turf/meta/-/meta-5.2.0.tgz",
          "integrity": "sha1-OxrUhe4MOwsXdRMqMsOE1T5LpT0=",
          "requires": {
            "@turf/helpers": "^5.1.5"
          }
        }
      }
    },
    "@turf/boolean-point-in-polygon": {
      "version": "5.1.5",
      "resolved": "https://registry.npmjs.org/@turf/boolean-point-in-polygon/-/boolean-point-in-polygon-5.1.5.tgz",
      "integrity": "sha1-8BzBlNHgMKVIv9qYHLpDz9YpQbc=",
      "requires": {
        "@turf/helpers": "^5.1.5",
        "@turf/invariant": "^5.1.5"
      },
      "dependencies": {
        "@turf/helpers": {
          "version": "5.1.5",
          "resolved": "https://registry.npmjs.org/@turf/helpers/-/helpers-5.1.5.tgz",
          "integrity": "sha1-FTQFInq5M9AEpbuWQantmZ/L4M8="
        }
      }
    },
    "@turf/explode": {
      "version": "5.1.5",
      "resolved": "https://registry.npmjs.org/@turf/explode/-/explode-5.1.5.tgz",
      "integrity": "sha1-sSsvd0AEobSPYrqVsgocZVo94Rg=",
      "requires": {
        "@turf/helpers": "^5.1.5",
        "@turf/meta": "^5.1.5"
      },
      "dependencies": {
        "@turf/helpers": {
          "version": "5.1.5",
          "resolved": "https://registry.npmjs.org/@turf/helpers/-/helpers-5.1.5.tgz",
          "integrity": "sha1-FTQFInq5M9AEpbuWQantmZ/L4M8="
        },
        "@turf/meta": {
          "version": "5.2.0",
          "resolved": "https://registry.npmjs.org/@turf/meta/-/meta-5.2.0.tgz",
          "integrity": "sha1-OxrUhe4MOwsXdRMqMsOE1T5LpT0=",
          "requires": {
            "@turf/helpers": "^5.1.5"
          }
        }
      }
    },
    "@turf/helpers": {
      "version": "6.5.0",
      "resolved": "https://registry.npmjs.org/@turf/helpers/-/helpers-6.5.0.tgz",
      "integrity": "sha512-VbI1dV5bLFzohYYdgqwikdMVpe7pJ9X3E+dlr425wa2/sMJqYDhTO++ec38/pcPvPE6oD9WEEeU3Xu3gza+VPw=="
    },
    "@turf/invariant": {
      "version": "5.2.0",
      "resolved": "https://registry.npmjs.org/@turf/invariant/-/invariant-5.2.0.tgz",
      "integrity": "sha1-8BUP9ykLOFd7c9CIt5MsHuCqkKc=",
      "requires": {
        "@turf/helpers": "^5.1.5"
      },
      "dependencies": {
        "@turf/helpers": {
          "version": "5.1.5",
          "resolved": "https://registry.npmjs.org/@turf/helpers/-/helpers-5.1.5.tgz",
          "integrity": "sha1-FTQFInq5M9AEpbuWQantmZ/L4M8="
        }
      }
    },
    "@turf/isobands": {
      "version": "5.1.5",
      "resolved": "https://registry.npmjs.org/@turf/isobands/-/isobands-5.1.5.tgz",
      "integrity": "sha1-a0TO9YTVUaMTBBh68jtKFYLj8I0=",
      "requires": {
        "@turf/area": "^5.1.5",
        "@turf/bbox": "^5.1.5",
        "@turf/boolean-point-in-polygon": "^5.1.5",
        "@turf/explode": "^5.1.5",
        "@turf/helpers": "^5.1.5",
        "@turf/invariant": "^5.1.5",
        "@turf/meta": "^5.1.5"
      },
      "dependencies": {
        "@turf/area": {
          "version": "5.1.5",
          "resolved": "https://registry.npmjs.org/@turf/area/-/area-5.1.5.tgz",
          "integrity": "sha1-79iZv9Jgzb0VQbKjwVX4pdLu+h0=",
          "requires": {
            "@turf/helpers": "^5.1.5",
            "@turf/meta": "^5.1.5"
          }
        },
        "@turf/helpers": {
          "version": "5.1.5",
          "resolved": "https://registry.npmjs.org/@turf/helpers/-/helpers-5.1.5.tgz",
          "integrity": "sha1-FTQFInq5M9AEpbuWQantmZ/L4M8="
        },
        "@turf/meta": {
          "version": "5.2.0",
          "resolved": "https://registry.npmjs.org/@turf/meta/-/meta-5.2.0.tgz",
          "integrity": "sha1-OxrUhe4MOwsXdRMqMsOE1T5LpT0=",
          "requires": {
            "@turf/helpers": "^5.1.5"
          }
        }
      }
    },
    "@turf/meta": {
      "version": "6.5.0",
      "resolved": "https://registry.npmjs.org/@turf/meta/-/meta-6.5.0.tgz",
      "integrity": "sha512-RrArvtsV0vdsCBegoBtOalgdSOfkBrTJ07VkpiCnq/491W67hnMWmDu7e6Ztw0C3WldRYTXkg3SumfdzZxLBHA==",
      "requires": {
        "@turf/helpers": "^6.5.0"
      }
    },
    "core-js": {
      "version": "2.6.12",
      "resolved": "https://registry.npmjs.org/core-js/-/core-js-2.6.12.tgz",
      "integrity": "sha512-Kb2wC0fvsWfQrgk8HU5lW6U/Lcs8+9aaYcy4ZFc6DDlo4nZ7n70dEgE5rtR0oG6ufKDUnrwfWL1mXR5ljDatrQ=="
    },
    "leaflet": {
      "version": "1.7.1",
      "resolved": "https://registry.npmjs.org/leaflet/-/leaflet-1.7.1.tgz",
      "integrity": "sha512-/xwPEBidtg69Q3HlqPdU3DnrXQOvQU/CCHA1tcDQVzOwm91YMYaILjNp7L4Eaw5Z4sOYdbBz6koWyibppd8Zqw=="
    },
    "lodash-es": {
      "version": "4.17.21",
      "resolved": "https://registry.npmjs.org/lodash-es/-/lodash-es-4.17.21.tgz",
      "integrity": "sha512-mKnC+QJ9pWVzv+C4/U3rRsHapFfHvQFoFB92e52xeyGMcX6/OlIl78je1u8vePzYZSkkogMPJ2yjxxsb89cxyw=="
    },
    "mgrs": {
      "version": "1.0.0",
      "resolved": "https://registry.npmjs.org/mgrs/-/mgrs-1.0.0.tgz",
      "integrity": "sha1-+5FYjnjJACVnI5XLQLJffNatGCk="
    },
    "proj4": {
      "version": "2.7.5",
      "resolved": "https://registry.npmjs.org/proj4/-/proj4-2.7.5.tgz",
      "integrity": "sha512-5ecXUXbHAfvdhfBQpU7EhUfPCQGUCPmVup/4gnZA3bJY3JcK/xxzm4QQDz1xiXokN6ux65VDczlCtBtKrTSpAQ==",
      "requires": {
        "mgrs": "1.0.0",
        "wkt-parser": "^1.3.1"
      }
    },
    "regenerator-runtime": {
      "version": "0.13.9",
      "resolved": "https://registry.npmjs.org/regenerator-runtime/-/regenerator-runtime-0.13.9.tgz",
      "integrity": "sha512-p3VT+cOEgxFsRRA9X4lkI1E+k2/CtnKtU4gcxyaCUreilL/vqI6CdZ3wxVUx3UOUg+gnUOQQcRI7BmSI656MYA=="
    },
    "vue-cesium": {
      "version": "2.3.1",
      "resolved": "https://registry.npmjs.org/vue-cesium/-/vue-cesium-2.3.1.tgz",
      "integrity": "sha512-4ur+P/Lxy3RHCvY0yomKjbbcQYCUktP5cAQu+5G2AJJsVeppv5oveQHPdK6xwOMFB8n0klVj+qWf08PyxbbWEg==",
      "requires": {
        "@amap/amap-jsapi-loader": "0.0.1",
        "@babel/runtime-corejs2": "^7.7.2",
        "@rengr/heatmap.js": "^2.0.10",
        "@sakitam-gis/kriging": "^0.1.0",
        "@turf/area": "^6.0.1",
        "@turf/helpers": "^6.1.4",
        "@turf/isobands": "^5.1.5",
        "leaflet": "^1.6.0",
        "lodash-es": "^4.17.20",
        "proj4": "^2.6.0"
      }
    },
    "wkt-parser": {
      "version": "1.3.1",
      "resolved": "https://registry.npmjs.org/wkt-parser/-/wkt-parser-1.3.1.tgz",
      "integrity": "sha512-XK5qV+Y5gsygQfHx2/cS5a7Zxsgleaw8iX5UPC5eOXPc0TgJAu1JB9lr0iYYX3zAnN3p0aNiaN5c+1Bdblxwrg=="
    }
  }
}
